
Microsoft Visual Studio Solution File, Format Version 12.00
# Visual Studio Version 17
VisualStudioVersion = 17.14.36310.24 d17.14
MinimumVisualStudioVersion = 10.0.40219.1
Project("{54A90642-561A-4BB1-A94E-469ADEE60C69}") = "saas-template.client", "saas-template.client\saas-template.client.esproj", "{49F2C291-E855-2EB6-5E9D-2C9C452CD3B8}"
EndProject
Project("{FAE04EC0-301F-11D3-BF4B-00C04F79EFBC}") = "saas-template.Server", "saas-template.Server\saas-template.Server.csproj", "{9806FC10-447C-4882-9393-9EAF80C5DF0D}"
EndProject
Global
	GlobalSection(SolutionConfigurationPlatforms) = preSolution
		Debug|Any CPU = Debug|Any CPU
		Release|Any CPU = Release|Any CPU
	EndGlobalSection
	GlobalSection(ProjectConfigurationPlatforms) = postSolution
		{49F2C291-E855-2EB6-5E9D-2C9C452CD3B8}.Debug|Any CPU.ActiveCfg = Debug|Any CPU
		{49F2C291-E855-2EB6-5E9D-2C9C452CD3B8}.Debug|Any CPU.Build.0 = Debug|Any CPU
		{49F2C291-E855-2EB6-5E9D-2C9C452CD3B8}.Debug|Any CPU.Deploy.0 = Debug|Any CPU
		{49F2C291-E855-2EB6-5E9D-2C9C452CD3B8}.Release|Any CPU.ActiveCfg = Release|Any CPU
		{49F2C291-E855-2EB6-5E9D-2C9C452CD3B8}.Release|Any CPU.Build.0 = Release|Any CPU
		{49F2C291-E855-2EB6-5E9D-2C9C452CD3B8}.Release|Any CPU.Deploy.0 = Release|Any CPU
		{9806FC10-447C-4882-9393-9EAF80C5DF0D}.Debug|Any CPU.ActiveCfg = Debug|Any CPU
		{9806FC10-447C-4882-9393-9EAF80C5DF0D}.Debug|Any CPU.Build.0 = Debug|Any CPU
		{9806FC10-447C-4882-9393-9EAF80C5DF0D}.Release|Any CPU.ActiveCfg = Release|Any CPU
		{9806FC10-447C-4882-9393-9EAF80C5DF0D}.Release|Any CPU.Build.0 = Release|Any CPU
	EndGlobalSection
	GlobalSection(SolutionProperties) = preSolution
		HideSolutionNode = FALSE
	EndGlobalSection
	GlobalSection(ExtensibilityGlobals) = postSolution
		SolutionGuid = {FF555F00-4F69-4267-A324-5942F4F1F1F1}
	EndGlobalSection
EndGlobal
